# THIS IS AN AUTOGENERATED FILE. DO NOT EDIT THIS FILE DIRECTLY.
# yarn lockfile v1


bufferutil@^4.0.8:
  version "4.0.8"
  resolved "https://registry.yarnpkg.com/bufferutil/-/bufferutil-4.0.8.tgz#1de6a71092d65d7766c4d8a522b261a6e787e8ea"
  integrity sha512-4T53u4PdgsXqKaIctwF8ifXlRTTmEPJ8iEPWFdGZvcf7sbwYo6FKFEX9eNNAnzFZ7EzJAQ3CJeOtCRA4rDp7Pw==
  dependencies:
    node-gyp-build "^4.3.0"

node-gyp-build@^4.3.0:
  version "4.6.1"
  resolved "https://registry.yarnpkg.com/node-gyp-build/-/node-gyp-build-4.6.1.tgz#24b6d075e5e391b8d5539d98c7fc5c210cac8a3e"
  integrity sha512-24vnklJmyRS8ViBNI8KbtK/r/DmXQMRiOMXTNz2nrTnAYUwjmEEbnnpB/+kt+yWRv73bPsSPRFddrcIbAxSiMQ==

uWebSockets.js@uNetworking/uWebSockets.js#v20.31.0:
  version "20.31.0"
  resolved "https://codeload.github.com/uNetworking/uWebSockets.js/tar.gz/809b99d2d7d12e2cbf89b7135041e9b41ff84084"

ws@^8.14.2:
  version "8.14.2"
  resolved "https://registry.yarnpkg.com/ws/-/ws-8.14.2.tgz#6c249a806eb2db7a20d26d51e7709eab7b2e6c7f"
  integrity sha512-wEBG1ftX4jcglPxgFCMJmZ2PLtSbJ2Peg6TmpJFTbe9GZYOQCDPdMYu/Tm0/bGZkw8paZnJY45J4K2PZrLYq8g==
